
Microsoft Visual Studio Solution File, Format Version 12.00
# Visual Studio Version 17
VisualStudioVersion = 17.14.36310.24 d17.14
MinimumVisualStudioVersion = 10.0.40219.1
Project("{FAE04EC0-301F-11D3-BF4B-00C04F79EFBC}") = "ex.03", "ex.03.csproj", "{E70168CA-6D70-444E-8F1D-D43D348E98C7}"
EndProject
Project("{2150E333-8FDC-42A3-9474-1A3956D46DE8}") = "Itens de Solução", "Itens de Solução", "{380A7511-A354-6D7A-0CC0-8FA1F1BA7B6C}"
	ProjectSection(SolutionItems) = preProject
		ex.01.cs = ex.01.cs
	EndProjectSection
EndProject
Project("{FAE04EC0-301F-11D3-BF4B-00C04F79EFBC}") = "ex.01", "..\ConsoleApp2\ex.01.csproj", "{F5AD3D7C-B850-0028-10DD-9EAC4A799198}"
EndProject
Project("{FAE04EC0-301F-11D3-BF4B-00C04F79EFBC}") = "ex.02", "..\ConsoleApp5\ex.02.csproj", "{68E57659-1159-42DC-8BA2-4040FC3EFEF4}"
EndProject
Global
	GlobalSection(SolutionConfigurationPlatforms) = preSolution
		Debug|Any CPU = Debug|Any CPU
		Release|Any CPU = Release|Any CPU
	EndGlobalSection
	GlobalSection(ProjectConfigurationPlatforms) = postSolution
		{E70168CA-6D70-444E-8F1D-D43D348E98C7}.Debug|Any CPU.ActiveCfg = Debug|Any CPU
		{E70168CA-6D70-444E-8F1D-D43D348E98C7}.Debug|Any CPU.Build.0 = Debug|Any CPU
		{E70168CA-6D70-444E-8F1D-D43D348E98C7}.Release|Any CPU.ActiveCfg = Release|Any CPU
		{E70168CA-6D70-444E-8F1D-D43D348E98C7}.Release|Any CPU.Build.0 = Release|Any CPU
		{F5AD3D7C-B850-0028-10DD-9EAC4A799198}.Debug|Any CPU.ActiveCfg = Debug|Any CPU
		{F5AD3D7C-B850-0028-10DD-9EAC4A799198}.Debug|Any CPU.Build.0 = Debug|Any CPU
		{F5AD3D7C-B850-0028-10DD-9EAC4A799198}.Release|Any CPU.ActiveCfg = Release|Any CPU
		{F5AD3D7C-B850-0028-10DD-9EAC4A799198}.Release|Any CPU.Build.0 = Release|Any CPU
		{68E57659-1159-42DC-8BA2-4040FC3EFEF4}.Debug|Any CPU.ActiveCfg = Debug|Any CPU
		{68E57659-1159-42DC-8BA2-4040FC3EFEF4}.Debug|Any CPU.Build.0 = Debug|Any CPU
		{68E57659-1159-42DC-8BA2-4040FC3EFEF4}.Release|Any CPU.ActiveCfg = Release|Any CPU
		{68E57659-1159-42DC-8BA2-4040FC3EFEF4}.Release|Any CPU.Build.0 = Release|Any CPU
	EndGlobalSection
	GlobalSection(SolutionProperties) = preSolution
		HideSolutionNode = FALSE
	EndGlobalSection
	GlobalSection(ExtensibilityGlobals) = postSolution
		SolutionGuid = {DE2A8A0C-8560-4978-A295-6752AC376641}
	EndGlobalSection
EndGlobal
