
Microsoft Visual Studio Solution File, Format Version 12.00
# Visual Studio Version 17
VisualStudioVersion = 17.14.36310.24
MinimumVisualStudioVersion = 10.0.40219.1
Project("{FAE04EC0-301F-11D3-BF4B-00C04F79EFBC}") = "teladelogin_ninelives", "teladelogin_ninelives.csproj", "{60E9B74E-647F-49D2-A9B1-6A61246C022E}"
EndProject
Global
	GlobalSection(SolutionConfigurationPlatforms) = preSolution
		Debug|Any CPU = Debug|Any CPU
		Release|Any CPU = Release|Any CPU
	EndGlobalSection
	GlobalSection(ProjectConfigurationPlatforms) = postSolution
		{60E9B74E-647F-49D2-A9B1-6A61246C022E}.Debug|Any CPU.ActiveCfg = Debug|Any CPU
		{60E9B74E-647F-49D2-A9B1-6A61246C022E}.Debug|Any CPU.Build.0 = Debug|Any CPU
		{60E9B74E-647F-49D2-A9B1-6A61246C022E}.Release|Any CPU.ActiveCfg = Release|Any CPU
		{60E9B74E-647F-49D2-A9B1-6A61246C022E}.Release|Any CPU.Build.0 = Release|Any CPU
	EndGlobalSection
	GlobalSection(SolutionProperties) = preSolution
		HideSolutionNode = FALSE
	EndGlobalSection
	GlobalSection(ExtensibilityGlobals) = postSolution
		SolutionGuid = {D91BAAB3-020D-4D6A-8603-99978F06A4CB}
	EndGlobalSection
EndGlobal
