
Microsoft Visual Studio Solution File, Format Version 12.00
# Visual Studio Version 17
VisualStudioVersion = 17.14.36310.24 d17.14
MinimumVisualStudioVersion = 10.0.40219.1
Project("{FAE04EC0-301F-11D3-BF4B-00C04F79EFBC}") = "Testando-showhide", "Testando-showhide.csproj", "{13769214-4360-4A52-8AE6-BA4E870AE3E7}"
EndProject
Global
	GlobalSection(SolutionConfigurationPlatforms) = preSolution
		Debug|Any CPU = Debug|Any CPU
		Release|Any CPU = Release|Any CPU
	EndGlobalSection
	GlobalSection(ProjectConfigurationPlatforms) = postSolution
		{13769214-4360-4A52-8AE6-BA4E870AE3E7}.Debug|Any CPU.ActiveCfg = Debug|Any CPU
		{13769214-4360-4A52-8AE6-BA4E870AE3E7}.Debug|Any CPU.Build.0 = Debug|Any CPU
		{13769214-4360-4A52-8AE6-BA4E870AE3E7}.Release|Any CPU.ActiveCfg = Release|Any CPU
		{13769214-4360-4A52-8AE6-BA4E870AE3E7}.Release|Any CPU.Build.0 = Release|Any CPU
	EndGlobalSection
	GlobalSection(SolutionProperties) = preSolution
		HideSolutionNode = FALSE
	EndGlobalSection
	GlobalSection(ExtensibilityGlobals) = postSolution
		SolutionGuid = {6DA6EB15-C5E8-47EE-87D5-38339F9A4A65}
	EndGlobalSection
EndGlobal
